
Microsoft Visual Studio Solution File, Format Version 12.00
# Visual Studio 15
Project("{FAE04EC0-301F-11D3-BF4B-00C04F79EFBC}") = "MemoryBank.Android", "MemoryBank.Android\MemoryBank.Android.csproj", "{2A609E90-FBE6-4B4F-824D-24313B98D6EA}"
EndProject
Project("{FAE04EC0-301F-11D3-BF4B-00C04F79EFBC}") = "MemoryBank.iOS", "MemoryBank.iOS\MemoryBank.iOS.csproj", "{712AB2D8-FB9A-41F9-9D70-6C0DBD5DD972}"
EndProject
Project("{FAE04EC0-301F-11D3-BF4B-00C04F79EFBC}") = "MemoryBank", "MemoryBank\MemoryBank.csproj", "{B2235AF0-0D36-4210-8309-DADDB8FAB9F2}"
EndProject
Global
	GlobalSection(SolutionConfigurationPlatforms) = preSolution
		Debug|Any CPU = Debug|Any CPU
		Release|Any CPU = Release|Any CPU
		Debug|iPhoneSimulator = Debug|iPhoneSimulator
		Release|iPhoneSimulator = Release|iPhoneSimulator
		Debug|iPhone = Debug|iPhone
		Release|iPhone = Release|iPhone
	EndGlobalSection
	GlobalSection(ProjectConfigurationPlatforms) = postSolution
		{2A609E90-FBE6-4B4F-824D-24313B98D6EA}.Debug|Any CPU.ActiveCfg = Debug|Any CPU
		{2A609E90-FBE6-4B4F-824D-24313B98D6EA}.Debug|Any CPU.Build.0 = Debug|Any CPU
		{2A609E90-FBE6-4B4F-824D-24313B98D6EA}.Release|Any CPU.ActiveCfg = Release|Any CPU
		{2A609E90-FBE6-4B4F-824D-24313B98D6EA}.Release|Any CPU.Build.0 = Release|Any CPU
		{2A609E90-FBE6-4B4F-824D-24313B98D6EA}.Debug|iPhoneSimulator.ActiveCfg = Debug|Any CPU
		{2A609E90-FBE6-4B4F-824D-24313B98D6EA}.Debug|iPhoneSimulator.Build.0 = Debug|Any CPU
		{2A609E90-FBE6-4B4F-824D-24313B98D6EA}.Release|iPhoneSimulator.ActiveCfg = Release|Any CPU
		{2A609E90-FBE6-4B4F-824D-24313B98D6EA}.Release|iPhoneSimulator.Build.0 = Release|Any CPU
		{2A609E90-FBE6-4B4F-824D-24313B98D6EA}.Debug|iPhone.ActiveCfg = Debug|Any CPU
		{2A609E90-FBE6-4B4F-824D-24313B98D6EA}.Debug|iPhone.Build.0 = Debug|Any CPU
		{2A609E90-FBE6-4B4F-824D-24313B98D6EA}.Release|iPhone.ActiveCfg = Release|Any CPU
		{2A609E90-FBE6-4B4F-824D-24313B98D6EA}.Release|iPhone.Build.0 = Release|Any CPU
		{712AB2D8-FB9A-41F9-9D70-6C0DBD5DD972}.Debug|Any CPU.ActiveCfg = Debug|iPhoneSimulator
		{712AB2D8-FB9A-41F9-9D70-6C0DBD5DD972}.Debug|Any CPU.Build.0 = Debug|iPhoneSimulator
		{712AB2D8-FB9A-41F9-9D70-6C0DBD5DD972}.Release|Any CPU.ActiveCfg = Release|iPhoneSimulator
		{712AB2D8-FB9A-41F9-9D70-6C0DBD5DD972}.Release|Any CPU.Build.0 = Release|iPhoneSimulator
		{712AB2D8-FB9A-41F9-9D70-6C0DBD5DD972}.Debug|iPhoneSimulator.ActiveCfg = Debug|iPhoneSimulator
		{712AB2D8-FB9A-41F9-9D70-6C0DBD5DD972}.Debug|iPhoneSimulator.Build.0 = Debug|iPhoneSimulator
		{712AB2D8-FB9A-41F9-9D70-6C0DBD5DD972}.Release|iPhoneSimulator.ActiveCfg = Release|iPhoneSimulator
		{712AB2D8-FB9A-41F9-9D70-6C0DBD5DD972}.Release|iPhoneSimulator.Build.0 = Release|iPhoneSimulator
		{712AB2D8-FB9A-41F9-9D70-6C0DBD5DD972}.Debug|iPhone.ActiveCfg = Debug|iPhone
		{712AB2D8-FB9A-41F9-9D70-6C0DBD5DD972}.Debug|iPhone.Build.0 = Debug|iPhone
		{712AB2D8-FB9A-41F9-9D70-6C0DBD5DD972}.Release|iPhone.ActiveCfg = Release|iPhone
		{712AB2D8-FB9A-41F9-9D70-6C0DBD5DD972}.Release|iPhone.Build.0 = Release|iPhone
		{B2235AF0-0D36-4210-8309-DADDB8FAB9F2}.Debug|Any CPU.ActiveCfg = Debug|Any CPU
		{B2235AF0-0D36-4210-8309-DADDB8FAB9F2}.Debug|Any CPU.Build.0 = Debug|Any CPU
		{B2235AF0-0D36-4210-8309-DADDB8FAB9F2}.Release|Any CPU.ActiveCfg = Release|Any CPU
		{B2235AF0-0D36-4210-8309-DADDB8FAB9F2}.Release|Any CPU.Build.0 = Release|Any CPU
		{B2235AF0-0D36-4210-8309-DADDB8FAB9F2}.Debug|iPhoneSimulator.ActiveCfg = Debug|Any CPU
		{B2235AF0-0D36-4210-8309-DADDB8FAB9F2}.Debug|iPhoneSimulator.Build.0 = Debug|Any CPU
		{B2235AF0-0D36-4210-8309-DADDB8FAB9F2}.Release|iPhoneSimulator.ActiveCfg = Release|Any CPU
		{B2235AF0-0D36-4210-8309-DADDB8FAB9F2}.Release|iPhoneSimulator.Build.0 = Release|Any CPU
		{B2235AF0-0D36-4210-8309-DADDB8FAB9F2}.Debug|iPhone.ActiveCfg = Debug|Any CPU
		{B2235AF0-0D36-4210-8309-DADDB8FAB9F2}.Debug|iPhone.Build.0 = Debug|Any CPU
		{B2235AF0-0D36-4210-8309-DADDB8FAB9F2}.Release|iPhone.ActiveCfg = Release|Any CPU
		{B2235AF0-0D36-4210-8309-DADDB8FAB9F2}.Release|iPhone.Build.0 = Release|Any CPU
	EndGlobalSection
EndGlobal
